Microsoft Visual Studio Solution File, Format Version 12.00
# Visual Studio Version 17
VisualStudioVersion = 17.5.2.0
MinimumVisualStudioVersion = 10.0.40219.1
Project("{FAE04EC0-301F-11D3-BF4B-00C04F79EFBC}") = "EcoCityWaste", "EcoCityWaste.csproj", "{ED23710A-7B13-4098-A9B8-E532E9866BB5}"
EndProject
Project("{FAE04EC0-301F-11D3-BF4B-00C04F79EFBC}") = "EcoCityWasteProjetoESA.Tests", "EcoCityWasteProjetoESA.Tests\EcoCityWasteProjetoESA.Tests.csproj", "{FAD1C4DC-E653-475F-BD6A-54285C036FA2}"
EndProject
Global
	GlobalSection(SolutionConfigurationPlatforms) = preSolution
		Debug|Any CPU = Debug|Any CPU
		Release|Any CPU = Release|Any CPU
	EndGlobalSection
	GlobalSection(ProjectConfigurationPlatforms) = postSolution
		{ED23710A-7B13-4098-A9B8-E532E9866BB5}.Debug|Any CPU.ActiveCfg = Debug|Any CPU
		{ED23710A-7B13-4098-A9B8-E532E9866BB5}.Debug|Any CPU.Build.0 = Debug|Any CPU
		{ED23710A-7B13-4098-A9B8-E532E9866BB5}.Release|Any CPU.ActiveCfg = Release|Any CPU
		{ED23710A-7B13-4098-A9B8-E532E9866BB5}.Release|Any CPU.Build.0 = Release|Any CPU
		{FAD1C4DC-E653-475F-BD6A-54285C036FA2}.Debug|Any CPU.ActiveCfg = Debug|Any CPU
		{FAD1C4DC-E653-475F-BD6A-54285C036FA2}.Debug|Any CPU.Build.0 = Debug|Any CPU
		{FAD1C4DC-E653-475F-BD6A-54285C036FA2}.Release|Any CPU.ActiveCfg = Release|Any CPU
		{FAD1C4DC-E653-475F-BD6A-54285C036FA2}.Release|Any CPU.Build.0 = Release|Any CPU
	EndGlobalSection
	GlobalSection(SolutionProperties) = preSolution
		HideSolutionNode = FALSE
	EndGlobalSection
	GlobalSection(ExtensibilityGlobals) = postSolution
		SolutionGuid = {F42A54C6-CE5B-4056-9901-26676B970834}
	EndGlobalSection
EndGlobal
